
Microsoft Visual Studio Solution File, Format Version 12.00
# Visual Studio Version 16
VisualStudioVersion = 16.0.32126.315
MinimumVisualStudioVersion = 10.0.40219.1
Project("{FAE04EC0-301F-11D3-BF4B-00C04F79EFBC}") = "UnitTest.APP", "UnitTest.APP\UnitTest.APP.csproj", "{B6326B2C-4EB9-4FFD-9A6D-C61EFBB89692}"
EndProject
Project("{FAE04EC0-301F-11D3-BF4B-00C04F79EFBC}") = "UnitTest.Test", "UnitTest.Test\UnitTest.Test.csproj", "{37117D0B-A7AA-4DB7-90B7-150A298A3073}"
EndProject
Global
	GlobalSection(SolutionConfigurationPlatforms) = preSolution
		Debug|Any CPU = Debug|Any CPU
		Release|Any CPU = Release|Any CPU
	EndGlobalSection
	GlobalSection(ProjectConfigurationPlatforms) = postSolution
		{B6326B2C-4EB9-4FFD-9A6D-C61EFBB89692}.Debug|Any CPU.ActiveCfg = Debug|Any CPU
		{B6326B2C-4EB9-4FFD-9A6D-C61EFBB89692}.Debug|Any CPU.Build.0 = Debug|Any CPU
		{B6326B2C-4EB9-4FFD-9A6D-C61EFBB89692}.Release|Any CPU.ActiveCfg = Release|Any CPU
		{B6326B2C-4EB9-4FFD-9A6D-C61EFBB89692}.Release|Any CPU.Build.0 = Release|Any CPU
		{37117D0B-A7AA-4DB7-90B7-150A298A3073}.Debug|Any CPU.ActiveCfg = Debug|Any CPU
		{37117D0B-A7AA-4DB7-90B7-150A298A3073}.Debug|Any CPU.Build.0 = Debug|Any CPU
		{37117D0B-A7AA-4DB7-90B7-150A298A3073}.Release|Any CPU.ActiveCfg = Release|Any CPU
		{37117D0B-A7AA-4DB7-90B7-150A298A3073}.Release|Any CPU.Build.0 = Release|Any CPU
	EndGlobalSection
	GlobalSection(SolutionProperties) = preSolution
		HideSolutionNode = FALSE
	EndGlobalSection
	GlobalSection(ExtensibilityGlobals) = postSolution
		SolutionGuid = {A01412CA-8F91-464D-96D3-257B978AA377}
	EndGlobalSection
EndGlobal
